// !$*UTF8*$!
{
	archiveVersion = 1;
	classes = {
	};
	objectVersion = 48;
	objects = {

/* Begin PBXBuildFile section */
		1638C4C0FEEA9ACB90D7C8B9 /* Pods_MovieAPIAppTests.framework in Frameworks */ = {isa = PBXBuildFile; fileRef = 0C9EC09683AE43826741B555 /* Pods_MovieAPIAppTests.framework */; };
		6E11190D1FBD5BA80050CE71 /* MovieTableViewCell.swift in Sources */ = {isa = PBXBuildFile; fileRef = 6E11190C1FBD5BA80050CE71 /* MovieTableViewCell.swift */; };
		6E11190E1FBD5BA80050CE71 /* MovieTableViewCell.swift in Sources */ = {isa = PBXBuildFile; fileRef = 6E11190C1FBD5BA80050CE71 /* MovieTableViewCell.swift */; };
		6E11190F1FBD5BA80050CE71 /* MovieTableViewCell.swift in Sources */ = {isa = PBXBuildFile; fileRef = 6E11190C1FBD5BA80050CE71 /* MovieTableViewCell.swift */; };
		6E1119111FBD5C7A0050CE71 /* MovieDetails.storyboard in Resources */ = {isa = PBXBuildFile; fileRef = 6E1119101FBD5C7A0050CE71 /* MovieDetails.storyboard */; };
		6E1119121FBD5C7A0050CE71 /* MovieDetails.storyboard in Resources */ = {isa = PBXBuildFile; fileRef = 6E1119101FBD5C7A0050CE71 /* MovieDetails.storyboard */; };
		6E1119131FBD5C7A0050CE71 /* MovieDetails.storyboard in Resources */ = {isa = PBXBuildFile; fileRef = 6E1119101FBD5C7A0050CE71 /* MovieDetails.storyboard */; };
		6E39B32C1FBCD1C900B0B597 /* MovieDetailViewController.swift in Sources */ = {isa = PBXBuildFile; fileRef = 6E39B32B1FBCD1C900B0B597 /* MovieDetailViewController.swift */; };
		6E39B32D1FBCD1C900B0B597 /* MovieDetailViewController.swift in Sources */ = {isa = PBXBuildFile; fileRef = 6E39B32B1FBCD1C900B0B597 /* MovieDetailViewController.swift */; };
		6E39B32E1FBCD1C900B0B597 /* MovieDetailViewController.swift in Sources */ = {isa = PBXBuildFile; fileRef = 6E39B32B1FBCD1C900B0B597 /* MovieDetailViewController.swift */; };
		6E39B3301FBCD1E300B0B597 /* MovieListViewController.swift in Sources */ = {isa = PBXBuildFile; fileRef = 6E39B32F1FBCD1E300B0B597 /* MovieListViewController.swift */; };
		6E39B3311FBCD1E300B0B597 /* MovieListViewController.swift in Sources */ = {isa = PBXBuildFile; fileRef = 6E39B32F1FBCD1E300B0B597 /* MovieListViewController.swift */; };
		6E39B3321FBCD1E300B0B597 /* MovieListViewController.swift in Sources */ = {isa = PBXBuildFile; fileRef = 6E39B32F1FBCD1E300B0B597 /* MovieListViewController.swift */; };
		6E39B3341FBCD20F00B0B597 /* DeveloperNotes in Resources */ = {isa = PBXBuildFile; fileRef = 6E39B3331FBCD20F00B0B597 /* DeveloperNotes */; };
		6E39B3351FBCD20F00B0B597 /* DeveloperNotes in Resources */ = {isa = PBXBuildFile; fileRef = 6E39B3331FBCD20F00B0B597 /* DeveloperNotes */; };
		6E39B3361FBCD20F00B0B597 /* DeveloperNotes in Resources */ = {isa = PBXBuildFile; fileRef = 6E39B3331FBCD20F00B0B597 /* DeveloperNotes */; };
		6E39B3381FBD153F00B0B597 /* WelcomeViewController.swift in Sources */ = {isa = PBXBuildFile; fileRef = 6E39B3371FBD153F00B0B597 /* WelcomeViewController.swift */; };
		6E39B33B1FBD3B3600B0B597 /* AppStateController.swift in Sources */ = {isa = PBXBuildFile; fileRef = 6E39B33A1FBD3B3600B0B597 /* AppStateController.swift */; };
		6E39B33C1FBD3B3600B0B597 /* AppStateController.swift in Sources */ = {isa = PBXBuildFile; fileRef = 6E39B33A1FBD3B3600B0B597 /* AppStateController.swift */; };
		6E39B33D1FBD3B3600B0B597 /* AppStateController.swift in Sources */ = {isa = PBXBuildFile; fileRef = 6E39B33A1FBD3B3600B0B597 /* AppStateController.swift */; };
		6E39B33F1FBD47FC00B0B597 /* MovieModelController.swift in Sources */ = {isa = PBXBuildFile; fileRef = 6E39B33E1FBD47FC00B0B597 /* MovieModelController.swift */; };
		6E39B3401FBD47FC00B0B597 /* MovieModelController.swift in Sources */ = {isa = PBXBuildFile; fileRef = 6E39B33E1FBD47FC00B0B597 /* MovieModelController.swift */; };
		6E39B3411FBD47FC00B0B597 /* MovieModelController.swift in Sources */ = {isa = PBXBuildFile; fileRef = 6E39B33E1FBD47FC00B0B597 /* MovieModelController.swift */; };
		6E95B0ED1FBD780000644DCF /* Utilities.swift in Sources */ = {isa = PBXBuildFile; fileRef = 6E95B0EC1FBD780000644DCF /* Utilities.swift */; };
		6EFC74591FBCAB1100911C40 /* AppDelegate.swift in Sources */ = {isa = PBXBuildFile; fileRef = 6EFC74581FBCAB1100911C40 /* AppDelegate.swift */; };
		6EFC745E1FBCAB1100911C40 /* Main.storyboard in Resources */ = {isa = PBXBuildFile; fileRef = 6EFC745C1FBCAB1100911C40 /* Main.storyboard */; };
		6EFC74611FBCAB1100911C40 /* MovieAPIApp.xcdatamodeld in Sources */ = {isa = PBXBuildFile; fileRef = 6EFC745F1FBCAB1100911C40 /* MovieAPIApp.xcdatamodeld */; };
		6EFC74631FBCAB1100911C40 /* Assets.xcassets in Resources */ = {isa = PBXBuildFile; fileRef = 6EFC74621FBCAB1100911C40 /* Assets.xcassets */; };
		6EFC74661FBCAB1100911C40 /* LaunchScreen.storyboard in Resources */ = {isa = PBXBuildFile; fileRef = 6EFC74641FBCAB1100911C40 /* LaunchScreen.storyboard */; };
		6EFC74711FBCAB1100911C40 /* MovieAPIAppTests.swift in Sources */ = {isa = PBXBuildFile; fileRef = 6EFC74701FBCAB1100911C40 /* MovieAPIAppTests.swift */; };
		6EFC747C1FBCAB1100911C40 /* MovieAPIAppUITests.swift in Sources */ = {isa = PBXBuildFile; fileRef = 6EFC747B1FBCAB1100911C40 /* MovieAPIAppUITests.swift */; };
		6EFC74971FBCACF500911C40 /* DatabaseInterface.swift in Sources */ = {isa = PBXBuildFile; fileRef = 6EFC74961FBCACF500911C40 /* DatabaseInterface.swift */; };
		6EFC74981FBCACF500911C40 /* DatabaseInterface.swift in Sources */ = {isa = PBXBuildFile; fileRef = 6EFC74961FBCACF500911C40 /* DatabaseInterface.swift */; };
		6EFC74991FBCACF500911C40 /* DatabaseInterface.swift in Sources */ = {isa = PBXBuildFile; fileRef = 6EFC74961FBCACF500911C40 /* DatabaseInterface.swift */; };
		6EFC749B1FBCAD3800911C40 /* Welcome.storyboard in Resources */ = {isa = PBXBuildFile; fileRef = 6EFC749A1FBCAD3800911C40 /* Welcome.storyboard */; };
		6EFC749C1FBCAD3800911C40 /* Welcome.storyboard in Resources */ = {isa = PBXBuildFile; fileRef = 6EFC749A1FBCAD3800911C40 /* Welcome.storyboard */; };
		6EFC749D1FBCAD3800911C40 /* Welcome.storyboard in Resources */ = {isa = PBXBuildFile; fileRef = 6EFC749A1FBCAD3800911C40 /* Welcome.storyboard */; };
		6EFC749F1FBCAF0300911C40 /* APIServices.swift in Sources */ = {isa = PBXBuildFile; fileRef = 6EFC749E1FBCAF0300911C40 /* APIServices.swift */; };
		6EFC74A01FBCAF0300911C40 /* APIServices.swift in Sources */ = {isa = PBXBuildFile; fileRef = 6EFC749E1FBCAF0300911C40 /* APIServices.swift */; };
		6EFC74A11FBCAF0300911C40 /* APIServices.swift in Sources */ = {isa = PBXBuildFile; fileRef = 6EFC749E1FBCAF0300911C40 /* APIServices.swift */; };
		6EFC74A71FBCB03600911C40 /* Movie.swift in Sources */ = {isa = PBXBuildFile; fileRef = 6EFC74A61FBCB03600911C40 /* Movie.swift */; };
		6EFC74A81FBCB03600911C40 /* Movie.swift in Sources */ = {isa = PBXBuildFile; fileRef = 6EFC74A61FBCB03600911C40 /* Movie.swift */; };
		6EFC74A91FBCB03600911C40 /* Movie.swift in Sources */ = {isa = PBXBuildFile; fileRef = 6EFC74A61FBCB03600911C40 /* Movie.swift */; };
		CEC22866C614127A0C57FBCC /* Pods_MovieAPIApp.framework in Frameworks */ = {isa = PBXBuildFile; fileRef = 3EB4CC9BC7C20195840EB83B /* Pods_MovieAPIApp.framework */; };
		FBEEF05962BE24654EFD4439 /* Pods_MovieAPIAppUITests.framework in Frameworks */ = {isa = PBXBuildFile; fileRef = 28610F4D2F54C8C15A3B8A73 /* Pods_MovieAPIAppUITests.framework */; };
/* End PBXBuildFile section */

/* Begin PBXContainerItemProxy section */
		6EFC746D1FBCAB1100911C40 /* PBXContainerItemProxy */ = {
			isa = PBXContainerItemProxy;
			containerPortal = 6EFC744D1FBCAB1100911C40 /* Project object */;
			proxyType = 1;
			remoteGlobalIDString = 6EFC74541FBCAB1100911C40;
			remoteInfo = MovieAPIApp;
		};
		6EFC74781FBCAB1100911C40 /* PBXContainerItemProxy */ = {
			isa = PBXContainerItemProxy;
			containerPortal = 6EFC744D1FBCAB1100911C40 /* Project object */;
			proxyType = 1;
			remoteGlobalIDString = 6EFC74541FBCAB1100911C40;
			remoteInfo = MovieAPIApp;
		};
/* End PBXContainerItemProxy section */

/* Begin PBXFileReference section */
		01F64AF7397676AAE64B8EDA /* Pods-MovieAPIApp.release.xcconfig */ = {isa = PBXFileReference; includeInIndex = 1; lastKnownFileType = text.xcconfig; name = "Pods-MovieAPIApp.release.xcconfig"; path = "Pods/Target Support Files/Pods-MovieAPIApp/Pods-MovieAPIApp.release.xcconfig"; sourceTree = "<group>"; };
		0C9EC09683AE43826741B555 /* Pods_MovieAPIAppTests.framework */ = {isa = PBXFileReference; explicitFileType = wrapper.framework; includeInIndex = 0; path = Pods_MovieAPIAppTests.framework; sourceTree = BUILT_PRODUCTS_DIR; };
		0D37BE0691AA951DCA4AE622 /* Pods-MovieAPIAppUITests.debug.xcconfig */ = {isa = PBXFileReference; includeInIndex = 1; lastKnownFileType = text.xcconfig; name = "Pods-MovieAPIAppUITests.debug.xcconfig"; path = "Pods/Target Support Files/Pods-MovieAPIAppUITests/Pods-MovieAPIAppUITests.debug.xcconfig"; sourceTree = "<group>"; };
		1AD0F6E33B7448D8010EF437 /* Pods-MovieAPIApp.debug.xcconfig */ = {isa = PBXFileReference; includeInIndex = 1; lastKnownFileType = text.xcconfig; name = "Pods-MovieAPIApp.debug.xcconfig"; path = "Pods/Target Support Files/Pods-MovieAPIApp/Pods-MovieAPIApp.debug.xcconfig"; sourceTree = "<group>"; };
		1F1058E4D97CD297DF9D003B /* Pods-MovieAPIAppTests.release.xcconfig */ = {isa = PBXFileReference; includeInIndex = 1; lastKnownFileType = text.xcconfig; name = "Pods-MovieAPIAppTests.release.xcconfig"; path = "Pods/Target Support Files/Pods-MovieAPIAppTests/Pods-MovieAPIAppTests.release.xcconfig"; sourceTree = "<group>"; };
		28610F4D2F54C8C15A3B8A73 /* Pods_MovieAPIAppUITests.framework */ = {isa = PBXFileReference; explicitFileType = wrapper.framework; includeInIndex = 0; path = Pods_MovieAPIAppUITests.framework; sourceTree = BUILT_PRODUCTS_DIR; };
		3EB4CC9BC7C20195840EB83B /* Pods_MovieAPIApp.framework */ = {isa = PBXFileReference; explicitFileType = wrapper.framework; includeInIndex = 0; path = Pods_MovieAPIApp.framework; sourceTree = BUILT_PRODUCTS_DIR; };
		6E11190C1FBD5BA80050CE71 /* MovieTableViewCell.swift */ = {isa = PBXFileReference; lastKnownFileType = sourcecode.swift; path = MovieTableViewCell.swift; sourceTree = "<group>"; };
		6E1119101FBD5C7A0050CE71 /* MovieDetails.storyboard */ = {isa = PBXFileReference; lastKnownFileType = file.storyboard; path = MovieDetails.storyboard; sourceTree = "<group>"; };
		6E39B32B1FBCD1C900B0B597 /* MovieDetailViewController.swift */ = {isa = PBXFileReference; lastKnownFileType = sourcecode.swift; path = MovieDetailViewController.swift; sourceTree = "<group>"; };
		6E39B32F1FBCD1E300B0B597 /* MovieListViewController.swift */ = {isa = PBXFileReference; lastKnownFileType = sourcecode.swift; path = MovieListViewController.swift; sourceTree = "<group>"; };
		6E39B3331FBCD20F00B0B597 /* DeveloperNotes */ = {isa = PBXFileReference; lastKnownFileType = text; path = DeveloperNotes; sourceTree = "<group>"; };
		6E39B3371FBD153F00B0B597 /* WelcomeViewController.swift */ = {isa = PBXFileReference; lastKnownFileType = sourcecode.swift; path = WelcomeViewController.swift; sourceTree = "<group>"; };
		6E39B33A1FBD3B3600B0B597 /* AppStateController.swift */ = {isa = PBXFileReference; lastKnownFileType = sourcecode.swift; path = AppStateController.swift; sourceTree = "<group>"; };
		6E39B33E1FBD47FC00B0B597 /* MovieModelController.swift */ = {isa = PBXFileReference; lastKnownFileType = sourcecode.swift; path = MovieModelController.swift; sourceTree = "<group>"; };
		6E95B0EC1FBD780000644DCF /* Utilities.swift */ = {isa = PBXFileReference; lastKnownFileType = sourcecode.swift; path = Utilities.swift; sourceTree = "<group>"; };
		6EFC74551FBCAB1100911C40 /* MovieAPIApp.app */ = {isa = PBXFileReference; explicitFileType = wrapper.application; includeInIndex = 0; path = MovieAPIApp.app; sourceTree = BUILT_PRODUCTS_DIR; };
		6EFC74581FBCAB1100911C40 /* AppDelegate.swift */ = {isa = PBXFileReference; lastKnownFileType = sourcecode.swift; path = AppDelegate.swift; sourceTree = "<group>"; };
		6EFC745D1FBCAB1100911C40 /* Base */ = {isa = PBXFileReference; lastKnownFileType = file.storyboard; name = Base; path = Base.lproj/Main.storyboard; sourceTree = "<group>"; };
		6EFC74601FBCAB1100911C40 /* MovieAPIApp.xcdatamodel */ = {isa = PBXFileReference; lastKnownFileType = wrapper.xcdatamodel; path = MovieAPIApp.xcdatamodel; sourceTree = "<group>"; };
		6EFC74621FBCAB1100911C40 /* Assets.xcassets */ = {isa = PBXFileReference; lastKnownFileType = folder.assetcatalog; path = Assets.xcassets; sourceTree = "<group>"; };
		6EFC74651FBCAB1100911C40 /* Base */ = {isa = PBXFileReference; lastKnownFileType = file.storyboard; name = Base; path = Base.lproj/LaunchScreen.storyboard; sourceTree = "<group>"; };
		6EFC74671FBCAB1100911C40 /* Info.plist */ = {isa = PBXFileReference; lastKnownFileType = text.plist.xml; path = Info.plist; sourceTree = "<group>"; };
		6EFC746C1FBCAB1100911C40 /* MovieAPIAppTests.xctest */ = {isa = PBXFileReference; explicitFileType = wrapper.cfbundle; includeInIndex = 0; path = MovieAPIAppTests.xctest; sourceTree = BUILT_PRODUCTS_DIR; };
		6EFC74701FBCAB1100911C40 /* MovieAPIAppTests.swift */ = {isa = PBXFileReference; lastKnownFileType = sourcecode.swift; path = MovieAPIAppTests.swift; sourceTree = "<group>"; };
		6EFC74721FBCAB1100911C40 /* Info.plist */ = {isa = PBXFileReference; lastKnownFileType = text.plist.xml; path = Info.plist; sourceTree = "<group>"; };
		6EFC74771FBCAB1100911C40 /* MovieAPIAppUITests.xctest */ = {isa = PBXFileReference; explicitFileType = wrapper.cfbundle; includeInIndex = 0; path = MovieAPIAppUITests.xctest; sourceTree = BUILT_PRODUCTS_DIR; };
		6EFC747B1FBCAB1100911C40 /* MovieAPIAppUITests.swift */ = {isa = PBXFileReference; lastKnownFileType = sourcecode.swift; path = MovieAPIAppUITests.swift; sourceTree = "<group>"; };
		6EFC747D1FBCAB1100911C40 /* Info.plist */ = {isa = PBXFileReference; lastKnownFileType = text.plist.xml; path = Info.plist; sourceTree = "<group>"; };
		6EFC74961FBCACF500911C40 /* DatabaseInterface.swift */ = {isa = PBXFileReference; lastKnownFileType = sourcecode.swift; path = DatabaseInterface.swift; sourceTree = "<group>"; };
		6EFC749A1FBCAD3800911C40 /* Welcome.storyboard */ = {isa = PBXFileReference; lastKnownFileType = file.storyboard; path = Welcome.storyboard; sourceTree = "<group>"; };
		6EFC749E1FBCAF0300911C40 /* APIServices.swift */ = {isa = PBXFileReference; lastKnownFileType = sourcecode.swift; path = APIServices.swift; sourceTree = "<group>"; };
		6EFC74A61FBCB03600911C40 /* Movie.swift */ = {isa = PBXFileReference; lastKnownFileType = sourcecode.swift; path = Movie.swift; sourceTree = "<group>"; };
		BF20D6D9EA1D6CF5A490AA88 /* Pods-MovieAPIAppUITests.release.xcconfig */ = {isa = PBXFileReference; includeInIndex = 1; lastKnownFileType = text.xcconfig; name = "Pods-MovieAPIAppUITests.release.xcconfig"; path = "Pods/Target Support Files/Pods-MovieAPIAppUITests/Pods-MovieAPIAppUITests.release.xcconfig"; sourceTree = "<group>"; };
		FBB21ED3E5C5420596C46C5E /* Pods-MovieAPIAppTests.debug.xcconfig */ = {isa = PBXFileReference; includeInIndex = 1; lastKnownFileType = text.xcconfig; name = "Pods-MovieAPIAppTests.debug.xcconfig"; path = "Pods/Target Support Files/Pods-MovieAPIAppTests/Pods-MovieAPIAppTests.debug.xcconfig"; sourceTree = "<group>"; };
/* End PBXFileReference section */

/* Begin PBXFrameworksBuildPhase section */
		6EFC74521FBCAB1100911C40 /* Frameworks */ = {
			isa = PBXFrameworksBuildPhase;
			buildActionMask = 2147483647;
			files = (
				CEC22866C614127A0C57FBCC /* Pods_MovieAPIApp.framework in Frameworks */,
			);
			runOnlyForDeploymentPostprocessing = 0;
		};
		6EFC74691FBCAB1100911C40 /* Frameworks */ = {
			isa = PBXFrameworksBuildPhase;
			buildActionMask = 2147483647;
			files = (
				1638C4C0FEEA9ACB90D7C8B9 /* Pods_MovieAPIAppTests.framework in Frameworks */,
			);
			runOnlyForDeploymentPostprocessing = 0;
		};
		6EFC74741FBCAB1100911C40 /* Frameworks */ = {
			isa = PBXFrameworksBuildPhase;
			buildActionMask = 2147483647;
			files = (
				FBEEF05962BE24654EFD4439 /* Pods_MovieAPIAppUITests.framework in Frameworks */,
			);
			runOnlyForDeploymentPostprocessing = 0;
		};
/* End PBXFrameworksBuildPhase section */

/* Begin PBXGroup section */
		08C73428E7022CD97BD6E9AE /* Pods */ = {
			isa = PBXGroup;
			children = (
				1AD0F6E33B7448D8010EF437 /* Pods-MovieAPIApp.debug.xcconfig */,
				01F64AF7397676AAE64B8EDA /* Pods-MovieAPIApp.release.xcconfig */,
				FBB21ED3E5C5420596C46C5E /* Pods-MovieAPIAppTests.debug.xcconfig */,
				1F1058E4D97CD297DF9D003B /* Pods-MovieAPIAppTests.release.xcconfig */,
				0D37BE0691AA951DCA4AE622 /* Pods-MovieAPIAppUITests.debug.xcconfig */,
				BF20D6D9EA1D6CF5A490AA88 /* Pods-MovieAPIAppUITests.release.xcconfig */,
			);
			name = Pods;
			sourceTree = "<group>";
		};
		2CFF07BECAFE0C7E26F26F27 /* Frameworks */ = {
			isa = PBXGroup;
			children = (
				3EB4CC9BC7C20195840EB83B /* Pods_MovieAPIApp.framework */,
				0C9EC09683AE43826741B555 /* Pods_MovieAPIAppTests.framework */,
				28610F4D2F54C8C15A3B8A73 /* Pods_MovieAPIAppUITests.framework */,
			);
			name = Frameworks;
			sourceTree = "<group>";
		};
		6E11190B1FBD5B6B0050CE71 /* MovieCell */ = {
			isa = PBXGroup;
			children = (
				6E11190C1FBD5BA80050CE71 /* MovieTableViewCell.swift */,
			);
			path = MovieCell;
			sourceTree = "<group>";
		};
		6E95B0EB1FBD77E600644DCF /* Utilities */ = {
			isa = PBXGroup;
			children = (
				6E95B0EC1FBD780000644DCF /* Utilities.swift */,
			);
			path = Utilities;
			sourceTree = "<group>";
		};
		6EFC744C1FBCAB1100911C40 = {
			isa = PBXGroup;
			children = (
				6EFC74571FBCAB1100911C40 /* MovieAPIApp */,
				6EFC746F1FBCAB1100911C40 /* MovieAPIAppTests */,
				6EFC747A1FBCAB1100911C40 /* MovieAPIAppUITests */,
				6EFC74561FBCAB1100911C40 /* Products */,
				08C73428E7022CD97BD6E9AE /* Pods */,
				2CFF07BECAFE0C7E26F26F27 /* Frameworks */,
			);
			sourceTree = "<group>";
		};
		6EFC74561FBCAB1100911C40 /* Products */ = {
			isa = PBXGroup;
			children = (
				6EFC74551FBCAB1100911C40 /* MovieAPIApp.app */,
				6EFC746C1FBCAB1100911C40 /* MovieAPIAppTests.xctest */,
				6EFC74771FBCAB1100911C40 /* MovieAPIAppUITests.xctest */,
			);
			name = Products;
			sourceTree = "<group>";
		};
		6EFC74571FBCAB1100911C40 /* MovieAPIApp */ = {
			isa = PBXGroup;
			children = (
				6E39B3331FBCD20F00B0B597 /* DeveloperNotes */,
				6EFC74581FBCAB1100911C40 /* AppDelegate.swift */,
				6EFC748E1FBCAC1200911C40 /* ModelControllers */,
				6EFC748D1FBCABA100911C40 /* Model */,
				6EFC748F1FBCAC2000911C40 /* View */,
				6EFC74901FBCAC2900911C40 /* ViewControllers */,
				6E95B0EB1FBD77E600644DCF /* Utilities */,
				6EFC74911FBCAC4D00911C40 /* Resources */,
			);
			path = MovieAPIApp;
			sourceTree = "<group>";
		};
		6EFC746F1FBCAB1100911C40 /* MovieAPIAppTests */ = {
			isa = PBXGroup;
			children = (
				6EFC74701FBCAB1100911C40 /* MovieAPIAppTests.swift */,
				6EFC74721FBCAB1100911C40 /* Info.plist */,
			);
			path = MovieAPIAppTests;
			sourceTree = "<group>";
		};
		6EFC747A1FBCAB1100911C40 /* MovieAPIAppUITests */ = {
			isa = PBXGroup;
			children = (
				6EFC747B1FBCAB1100911C40 /* MovieAPIAppUITests.swift */,
				6EFC747D1FBCAB1100911C40 /* Info.plist */,
			);
			path = MovieAPIAppUITests;
			sourceTree = "<group>";
		};
		6EFC748D1FBCABA100911C40 /* Model */ = {
			isa = PBXGroup;
			children = (
				6EFC74A61FBCB03600911C40 /* Movie.swift */,
			);
			path = Model;
			sourceTree = "<group>";
		};
		6EFC748E1FBCAC1200911C40 /* ModelControllers */ = {
			isa = PBXGroup;
			children = (
				6E39B33A1FBD3B3600B0B597 /* AppStateController.swift */,
				6EFC74961FBCACF500911C40 /* DatabaseInterface.swift */,
				6EFC749E1FBCAF0300911C40 /* APIServices.swift */,
				6E39B33E1FBD47FC00B0B597 /* MovieModelController.swift */,
			);
			path = ModelControllers;
			sourceTree = "<group>";
		};
		6EFC748F1FBCAC2000911C40 /* View */ = {
			isa = PBXGroup;
			children = (
				6EFC745C1FBCAB1100911C40 /* Main.storyboard */,
				6EFC749A1FBCAD3800911C40 /* Welcome.storyboard */,
				6E1119101FBD5C7A0050CE71 /* MovieDetails.storyboard */,
				6EFC74641FBCAB1100911C40 /* LaunchScreen.storyboard */,
				6E11190B1FBD5B6B0050CE71 /* MovieCell */,
			);
			path = View;
			sourceTree = "<group>";
		};
		6EFC74901FBCAC2900911C40 /* ViewControllers */ = {
			isa = PBXGroup;
			children = (
				6E39B3371FBD153F00B0B597 /* WelcomeViewController.swift */,
				6E39B32B1FBCD1C900B0B597 /* MovieDetailViewController.swift */,
				6E39B32F1FBCD1E300B0B597 /* MovieListViewController.swift */,
			);
			path = ViewControllers;
			sourceTree = "<group>";
		};
		6EFC74911FBCAC4D00911C40 /* Resources */ = {
			isa = PBXGroup;
			children = (
				6EFC74621FBCAB1100911C40 /* Assets.xcassets */,
				6EFC74671FBCAB1100911C40 /* Info.plist */,
				6EFC745F1FBCAB1100911C40 /* MovieAPIApp.xcdatamodeld */,
			);
			path = Resources;
			sourceTree = "<group>";
		};
/* End PBXGroup section */

/* Begin PBXNativeTarget section */
		6EFC74541FBCAB1100911C40 /* MovieAPIApp */ = {
			isa = PBXNativeTarget;
			buildConfigurationList = 6EFC74801FBCAB1100911C40 /* Build configuration list for PBXNativeTarget "MovieAPIApp" */;
			buildPhases = (
				ED9756EA6C10A2CA2D3B3DE5 /* [CP] Check Pods Manifest.lock */,
				6EFC74511FBCAB1100911C40 /* Sources */,
				6EFC74521FBCAB1100911C40 /* Frameworks */,
				6EFC74531FBCAB1100911C40 /* Resources */,
				5BDDA884F6EEFC3D47688828 /* [CP] Embed Pods Frameworks */,
				257857A4FCA5FDE3F570C991 /* [CP] Copy Pods Resources */,
			);
			buildRules = (
			);
			dependencies = (
			);
			name = MovieAPIApp;
			productName = MovieAPIApp;
			productReference = 6EFC74551FBCAB1100911C40 /* MovieAPIApp.app */;
			productType = "com.apple.product-type.application";
		};
		6EFC746B1FBCAB1100911C40 /* MovieAPIAppTests */ = {
			isa = PBXNativeTarget;
			buildConfigurationList = 6EFC74831FBCAB1100911C40 /* Build configuration list for PBXNativeTarget "MovieAPIAppTests" */;
			buildPhases = (
				5AA3CB676DDC88ADF6FECD63 /* [CP] Check Pods Manifest.lock */,
				6EFC74681FBCAB1100911C40 /* Sources */,
				6EFC74691FBCAB1100911C40 /* Frameworks */,
				6EFC746A1FBCAB1100911C40 /* Resources */,
				85C5A30C7983167558517F32 /* [CP] Embed Pods Frameworks */,
				480E45EF915BDE7A0E4EC42C /* [CP] Copy Pods Resources */,
			);
			buildRules = (
			);
			dependencies = (
				6EFC746E1FBCAB1100911C40 /* PBXTargetDependency */,
			);
			name = MovieAPIAppTests;
			productName = MovieAPIAppTests;
			productReference = 6EFC746C1FBCAB1100911C40 /* MovieAPIAppTests.xctest */;
			productType = "com.apple.product-type.bundle.unit-test";
		};
		6EFC74761FBCAB1100911C40 /* MovieAPIAppUITests */ = {
			isa = PBXNativeTarget;
			buildConfigurationList = 6EFC74861FBCAB1100911C40 /* Build configuration list for PBXNativeTarget "MovieAPIAppUITests" */;
			buildPhases = (
				5678946AC23CBF8BA71A9AC0 /* [CP] Check Pods Manifest.lock */,
				6EFC74731FBCAB1100911C40 /* Sources */,
				6EFC74741FBCAB1100911C40 /* Frameworks */,
				6EFC74751FBCAB1100911C40 /* Resources */,
				175B59390B428B679B2D1C69 /* [CP] Embed Pods Frameworks */,
				5D99E60B8D9F378D8EB27EDB /* [CP] Copy Pods Resources */,
			);
			buildRules = (
			);
			dependencies = (
				6EFC74791FBCAB1100911C40 /* PBXTargetDependency */,
			);
			name = MovieAPIAppUITests;
			productName = MovieAPIAppUITests;
			productReference = 6EFC74771FBCAB1100911C40 /* MovieAPIAppUITests.xctest */;
			productType = "com.apple.product-type.bundle.ui-testing";
		};
/* End PBXNativeTarget section */

/* Begin PBXProject section */
		6EFC744D1FBCAB1100911C40 /* Project object */ = {
			isa = PBXProject;
			attributes = {
				LastSwiftUpdateCheck = 0900;
				LastUpgradeCheck = 0900;
				ORGANIZATIONNAME = Zendoart;
				TargetAttributes = {
					6EFC74541FBCAB1100911C40 = {
						CreatedOnToolsVersion = 9.0;
						ProvisioningStyle = Automatic;
					};
					6EFC746B1FBCAB1100911C40 = {
						CreatedOnToolsVersion = 9.0;
						ProvisioningStyle = Automatic;
						TestTargetID = 6EFC74541FBCAB1100911C40;
					};
					6EFC74761FBCAB1100911C40 = {
						CreatedOnToolsVersion = 9.0;
						ProvisioningStyle = Automatic;
						TestTargetID = 6EFC74541FBCAB1100911C40;
					};
				};
			};
			buildConfigurationList = 6EFC74501FBCAB1100911C40 /* Build configuration list for PBXProject "MovieAPIApp" */;
			compatibilityVersion = "Xcode 8.0";
			developmentRegion = en;
			hasScannedForEncodings = 0;
			knownRegions = (
				en,
				Base,
			);
			mainGroup = 6EFC744C1FBCAB1100911C40;
			productRefGroup = 6EFC74561FBCAB1100911C40 /* Products */;
			projectDirPath = "";
			projectRoot = "";
			targets = (
				6EFC74541FBCAB1100911C40 /* MovieAPIApp */,
				6EFC746B1FBCAB1100911C40 /* MovieAPIAppTests */,
				6EFC74761FBCAB1100911C40 /* MovieAPIAppUITests */,
			);
		};
/* End PBXProject section */

/* Begin PBXResourcesBuildPhase section */
		6EFC74531FBCAB1100911C40 /* Resources */ = {
			isa = PBXResourcesBuildPhase;
			buildActionMask = 2147483647;
			files = (
				6E39B3341FBCD20F00B0B597 /* DeveloperNotes in Resources */,
				6EFC74661FBCAB1100911C40 /* LaunchScreen.storyboard in Resources */,
				6E1119111FBD5C7A0050CE71 /* MovieDetails.storyboard in Resources */,
				6EFC749B1FBCAD3800911C40 /* Welcome.storyboard in Resources */,
				6EFC74631FBCAB1100911C40 /* Assets.xcassets in Resources */,
				6EFC745E1FBCAB1100911C40 /* Main.storyboard in Resources */,
			);
			runOnlyForDeploymentPostprocessing = 0;
		};
		6EFC746A1FBCAB1100911C40 /* Resources */ = {
			isa = PBXResourcesBuildPhase;
			buildActionMask = 2147483647;
			files = (
				6EFC749C1FBCAD3800911C40 /* Welcome.storyboard in Resources */,
				6E39B3351FBCD20F00B0B597 /* DeveloperNotes in Resources */,
				6E1119121FBD5C7A0050CE71 /* MovieDetails.storyboard in Resources */,
			);
			runOnlyForDeploymentPostprocessing = 0;
		};
		6EFC74751FBCAB1100911C40 /* Resources */ = {
			isa = PBXResourcesBuildPhase;
			buildActionMask = 2147483647;
			files = (
				6EFC749D1FBCAD3800911C40 /* Welcome.storyboard in Resources */,
				6E39B3361FBCD20F00B0B597 /* DeveloperNotes in Resources */,
				6E1119131FBD5C7A0050CE71 /* MovieDetails.storyboard in Resources */,
			);
			runOnlyForDeploymentPostprocessing = 0;
		};
/* End PBXResourcesBuildPhase section */

/* Begin PBXShellScriptBuildPhase section */
		175B59390B428B679B2D1C69 /* [CP] Embed Pods Frameworks */ = {
			isa = PBXShellScriptBuildPhase;
			buildActionMask = 2147483647;
			files = (
			);
			inputPaths = (
			);
			name = "[CP] Embed Pods Frameworks";
			outputPaths = (
			);
			runOnlyForDeploymentPostprocessing = 0;
			shellPath = /bin/sh;
			shellScript = "\"${SRCROOT}/Pods/Target Support Files/Pods-MovieAPIAppUITests/Pods-MovieAPIAppUITests-frameworks.sh\"\n";
			showEnvVarsInLog = 0;
		};
		257857A4FCA5FDE3F570C991 /* [CP] Copy Pods Resources */ = {
			isa = PBXShellScriptBuildPhase;
			buildActionMask = 2147483647;
			files = (
			);
			inputPaths = (
			);
			name = "[CP] Copy Pods Resources";
			outputPaths = (
			);
			runOnlyForDeploymentPostprocessing = 0;
			shellPath = /bin/sh;
			shellScript = "\"${SRCROOT}/Pods/Target Support Files/Pods-MovieAPIApp/Pods-MovieAPIApp-resources.sh\"\n";
			showEnvVarsInLog = 0;
		};
		480E45EF915BDE7A0E4EC42C /* [CP] Copy Pods Resources */ = {
			isa = PBXShellScriptBuildPhase;
			buildActionMask = 2147483647;
			files = (
			);
			inputPaths = (
			);
			name = "[CP] Copy Pods Resources";
			outputPaths = (
			);
			runOnlyForDeploymentPostprocessing = 0;
			shellPath = /bin/sh;
			shellScript = "\"${SRCROOT}/Pods/Target Support Files/Pods-MovieAPIAppTests/Pods-MovieAPIAppTests-resources.sh\"\n";
			showEnvVarsInLog = 0;
		};
		5678946AC23CBF8BA71A9AC0 /* [CP] Check Pods Manifest.lock */ = {
			isa = PBXShellScriptBuildPhase;
			buildActionMask = 2147483647;
			files = (
			);
			inputPaths = (
				"${PODS_PODFILE_DIR_PATH}/Podfile.lock",
				"${PODS_ROOT}/Manifest.lock",
			);
			name = "[CP] Check Pods Manifest.lock";
			outputPaths = (
				"$(DERIVED_FILE_DIR)/Pods-MovieAPIAppUITests-checkManifestLockResult.txt",
			);
			runOnlyForDeploymentPostprocessing = 0;
			shellPath = /bin/sh;
			shellScript = "diff \"${PODS_PODFILE_DIR_PATH}/Podfile.lock\" \"${PODS_ROOT}/Manifest.lock\" > /dev/null\nif [ $? != 0 ] ; then\n    # print error to STDERR\n    echo \"error: The sandbox is not in sync with the Podfile.lock. Run 'pod install' or update your CocoaPods installation.\" >&2\n    exit 1\nfi\n# This output is used by Xcode 'outputs' to avoid re-running this script phase.\necho \"SUCCESS\" > \"${SCRIPT_OUTPUT_FILE_0}\"\n";
			showEnvVarsInLog = 0;
		};
		5AA3CB676DDC88ADF6FECD63 /* [CP] Check Pods Manifest.lock */ = {
			isa = PBXShellScriptBuildPhase;
			buildActionMask = 2147483647;
			files = (
			);
			inputPaths = (
				"${PODS_PODFILE_DIR_PATH}/Podfile.lock",
				"${PODS_ROOT}/Manifest.lock",
			);
			name = "[CP] Check Pods Manifest.lock";
			outputPaths = (
				"$(DERIVED_FILE_DIR)/Pods-MovieAPIAppTests-checkManifestLockResult.txt",
			);
			runOnlyForDeploymentPostprocessing = 0;
			shellPath = /bin/sh;
			shellScript = "diff \"${PODS_PODFILE_DIR_PATH}/Podfile.lock\" \"${PODS_ROOT}/Manifest.lock\" > /dev/null\nif [ $? != 0 ] ; then\n    # print error to STDERR\n    echo \"error: The sandbox is not in sync with the Podfile.lock. Run 'pod install' or update your CocoaPods installation.\" >&2\n    exit 1\nfi\n# This output is used by Xcode 'outputs' to avoid re-running this script phase.\necho \"SUCCESS\" > \"${SCRIPT_OUTPUT_FILE_0}\"\n";
			showEnvVarsInLog = 0;
		};
		5BDDA884F6EEFC3D47688828 /* [CP] Embed Pods Frameworks */ = {
			isa = PBXShellScriptBuildPhase;
			buildActionMask = 2147483647;
			files = (
			);
			inputPaths = (
				"${SRCROOT}/Pods/Target Support Files/Pods-MovieAPIApp/Pods-MovieAPIApp-frameworks.sh",
				"${BUILT_PRODUCTS_DIR}/Realm/Realm.framework",
				"${BUILT_PRODUCTS_DIR}/RealmSwift/RealmSwift.framework",
			);
			name = "[CP] Embed Pods Frameworks";
			outputPaths = (
				"${TARGET_BUILD_DIR}/${FRAMEWORKS_FOLDER_PATH}/Realm.framework",
				"${TARGET_BUILD_DIR}/${FRAMEWORKS_FOLDER_PATH}/RealmSwift.framework",
			);
			runOnlyForDeploymentPostprocessing = 0;
			shellPath = /bin/sh;
			shellScript = "\"${SRCROOT}/Pods/Target Support Files/Pods-MovieAPIApp/Pods-MovieAPIApp-frameworks.sh\"\n";
			showEnvVarsInLog = 0;
		};
		5D99E60B8D9F378D8EB27EDB /* [CP] Copy Pods Resources */ = {
			isa = PBXShellScriptBuildPhase;
			buildActionMask = 2147483647;
			files = (
			);
			inputPaths = (
			);
			name = "[CP] Copy Pods Resources";
			outputPaths = (
			);
			runOnlyForDeploymentPostprocessing = 0;
			shellPath = /bin/sh;
			shellScript = "\"${SRCROOT}/Pods/Target Support Files/Pods-MovieAPIAppUITests/Pods-MovieAPIAppUITests-resources.sh\"\n";
			showEnvVarsInLog = 0;
		};
		85C5A30C7983167558517F32 /* [CP] Embed Pods Frameworks */ = {
			isa = PBXShellScriptBuildPhase;
			buildActionMask = 2147483647;
			files = (
			);
			inputPaths = (
			);
			name = "[CP] Embed Pods Frameworks";
			outputPaths = (
			);
			runOnlyForDeploymentPostprocessing = 0;
			shellPath = /bin/sh;
			shellScript = "\"${SRCROOT}/Pods/Target Support Files/Pods-MovieAPIAppTests/Pods-MovieAPIAppTests-frameworks.sh\"\n";
			showEnvVarsInLog = 0;
		};
		ED9756EA6C10A2CA2D3B3DE5 /* [CP] Check Pods Manifest.lock */ = {
			isa = PBXShellScriptBuildPhase;
			buildActionMask = 2147483647;
			files = (
			);
			inputPaths = (
				"${PODS_PODFILE_DIR_PATH}/Podfile.lock",
				"${PODS_ROOT}/Manifest.lock",
			);
			name = "[CP] Check Pods Manifest.lock";
			outputPaths = (
				"$(DERIVED_FILE_DIR)/Pods-MovieAPIApp-checkManifestLockResult.txt",
			);
			runOnlyForDeploymentPostprocessing = 0;
			shellPath = /bin/sh;
			shellScript = "diff \"${PODS_PODFILE_DIR_PATH}/Podfile.lock\" \"${PODS_ROOT}/Manifest.lock\" > /dev/null\nif [ $? != 0 ] ; then\n    # print error to STDERR\n    echo \"error: The sandbox is not in sync with the Podfile.lock. Run 'pod install' or update your CocoaPods installation.\" >&2\n    exit 1\nfi\n# This output is used by Xcode 'outputs' to avoid re-running this script phase.\necho \"SUCCESS\" > \"${SCRIPT_OUTPUT_FILE_0}\"\n";
			showEnvVarsInLog = 0;
		};
/* End PBXShellScriptBuildPhase section */

/* Begin PBXSourcesBuildPhase section */
		6EFC74511FBCAB1100911C40 /* Sources */ = {
			isa = PBXSourcesBuildPhase;
			buildActionMask = 2147483647;
			files = (
				6E39B3301FBCD1E300B0B597 /* MovieListViewController.swift in Sources */,
				6E39B3381FBD153F00B0B597 /* WelcomeViewController.swift in Sources */,
				6EFC749F1FBCAF0300911C40 /* APIServices.swift in Sources */,
				6EFC74611FBCAB1100911C40 /* MovieAPIApp.xcdatamodeld in Sources */,
				6EFC74591FBCAB1100911C40 /* AppDelegate.swift in Sources */,
				6EFC74971FBCACF500911C40 /* DatabaseInterface.swift in Sources */,
				6E95B0ED1FBD780000644DCF /* Utilities.swift in Sources */,
				6E39B33F1FBD47FC00B0B597 /* MovieModelController.swift in Sources */,
				6E39B33B1FBD3B3600B0B597 /* AppStateController.swift in Sources */,
				6EFC74A71FBCB03600911C40 /* Movie.swift in Sources */,
				6E11190D1FBD5BA80050CE71 /* MovieTableViewCell.swift in Sources */,
				6E39B32C1FBCD1C900B0B597 /* MovieDetailViewController.swift in Sources */,
			);
			runOnlyForDeploymentPostprocessing = 0;
		};
		6EFC74681FBCAB1100911C40 /* Sources */ = {
			isa = PBXSourcesBuildPhase;
			buildActionMask = 2147483647;
			files = (
				6EFC74981FBCACF500911C40 /* DatabaseInterface.swift in Sources */,
				6EFC74711FBCAB1100911C40 /* MovieAPIAppTests.swift in Sources */,
				6E11190E1FBD5BA80050CE71 /* MovieTableViewCell.swift in Sources */,
				6E39B3401FBD47FC00B0B597 /* MovieModelController.swift in Sources */,
				6EFC74A81FBCB03600911C40 /* Movie.swift in Sources */,
				6E39B3311FBCD1E300B0B597 /* MovieListViewController.swift in Sources */,
				6E39B32D1FBCD1C900B0B597 /* MovieDetailViewController.swift in Sources */,
				6EFC74A01FBCAF0300911C40 /* APIServices.swift in Sources */,
				6E39B33C1FBD3B3600B0B597 /* AppStateController.swift in Sources */,
			);
			runOnlyForDeploymentPostprocessing = 0;
		};
		6EFC74731FBCAB1100911C40 /* Sources */ = {
			isa = PBXSourcesBuildPhase;
			buildActionMask = 2147483647;
			files = (
				6EFC74991FBCACF500911C40 /* DatabaseInterface.swift in Sources */,
				6EFC747C1FBCAB1100911C40 /* MovieAPIAppUITests.swift in Sources */,
				6E11190F1FBD5BA80050CE71 /* MovieTableViewCell.swift in Sources */,
				6E39B3411FBD47FC00B0B597 /* MovieModelController.swift in Sources */,
				6EFC74A91FBCB03600911C40 /* Movie.swift in Sources */,
				6E39B3321FBCD1E300B0B597 /* MovieListViewController.swift in Sources */,
				6E39B32E1FBCD1C900B0B597 /* MovieDetailViewController.swift in Sources */,
				6EFC74A11FBCAF0300911C40 /* APIServices.swift in Sources */,
				6E39B33D1FBD3B3600B0B597 /* AppStateController.swift in Sources */,
			);
			runOnlyForDeploymentPostprocessing = 0;
		};
/* End PBXSourcesBuildPhase section */

/* Begin PBXTargetDependency section */
		6EFC746E1FBCAB1100911C40 /* PBXTargetDependency */ = {
			isa = PBXTargetDependency;
			target = 6EFC74541FBCAB1100911C40 /* MovieAPIApp */;
			targetProxy = 6EFC746D1FBCAB1100911C40 /* PBXContainerItemProxy */;
		};
		6EFC74791FBCAB1100911C40 /* PBXTargetDependency */ = {
			isa = PBXTargetDependency;
			target = 6EFC74541FBCAB1100911C40 /* MovieAPIApp */;
			targetProxy = 6EFC74781FBCAB1100911C40 /* PBXContainerItemProxy */;
		};
/* End PBXTargetDependency section */

/* Begin PBXVariantGroup section */
		6EFC745C1FBCAB1100911C40 /* Main.storyboard */ = {
			isa = PBXVariantGroup;
			children = (
				6EFC745D1FBCAB1100911C40 /* Base */,
			);
			name = Main.storyboard;
			sourceTree = "<group>";
		};
		6EFC74641FBCAB1100911C40 /* LaunchScreen.storyboard */ = {
			isa = PBXVariantGroup;
			children = (
				6EFC74651FBCAB1100911C40 /* Base */,
			);
			name = LaunchScreen.storyboard;
			sourceTree = "<group>";
		};
/* End PBXVariantGroup section */

/* Begin XCBuildConfiguration section */
		6EFC747E1FBCAB1100911C40 /* Debug */ = {
			isa = XCBuildConfiguration;
			buildSettings = {
				ALWAYS_SEARCH_USER_PATHS = NO;
				CLANG_ANALYZER_NONNULL = YES;
				CLANG_ANALYZER_NUMBER_OBJECT_CONVERSION = YES_AGGRESSIVE;
				CLANG_CXX_LANGUAGE_STANDARD = "gnu++14";
				CLANG_CXX_LIBRARY = "libc++";
				CLANG_ENABLE_MODULES = YES;
				CLANG_ENABLE_OBJC_ARC = YES;
				CLANG_WARN_BLOCK_CAPTURE_AUTORELEASING = YES;
				CLANG_WARN_BOOL_CONVERSION = YES;
				CLANG_WARN_COMMA = YES;
				CLANG_WARN_CONSTANT_CONVERSION = YES;
				CLANG_WARN_DIRECT_OBJC_ISA_USAGE = YES_ERROR;
				CLANG_WARN_DOCUMENTATION_COMMENTS = YES;
				CLANG_WARN_EMPTY_BODY = YES;
				CLANG_WARN_ENUM_CONVERSION = YES;
				CLANG_WARN_INFINITE_RECURSION = YES;
				CLANG_WARN_INT_CONVERSION = YES;
				CLANG_WARN_NON_LITERAL_NULL_CONVERSION = YES;
				CLANG_WARN_OBJC_LITERAL_CONVERSION = YES;
				CLANG_WARN_OBJC_ROOT_CLASS = YES_ERROR;
				CLANG_WARN_RANGE_LOOP_ANALYSIS = YES;
				CLANG_WARN_STRICT_PROTOTYPES = YES;
				CLANG_WARN_SUSPICIOUS_MOVE = YES;
				CLANG_WARN_UNGUARDED_AVAILABILITY = YES_AGGRESSIVE;
				CLANG_WARN_UNREACHABLE_CODE = YES;
				CLANG_WARN__DUPLICATE_METHOD_MATCH = YES;
				CODE_SIGN_IDENTITY = "iPhone Developer";
				COPY_PHASE_STRIP = NO;
				DEBUG_INFORMATION_FORMAT = dwarf;
				ENABLE_STRICT_OBJC_MSGSEND = YES;
				ENABLE_TESTABILITY = YES;
				GCC_C_LANGUAGE_STANDARD = gnu11;
				GCC_DYNAMIC_NO_PIC = NO;
				GCC_NO_COMMON_BLOCKS = YES;
				GCC_OPTIMIZATION_LEVEL = 0;
				GCC_PREPROCESSOR_DEFINITIONS = (
					"DEBUG=1",
					"$(inherited)",
				);
				GCC_WARN_64_TO_32_BIT_CONVERSION = YES;
				GCC_WARN_ABOUT_RETURN_TYPE = YES_ERROR;
				GCC_WARN_UNDECLARED_SELECTOR = YES;
				GCC_WARN_UNINITIALIZED_AUTOS = YES_AGGRESSIVE;
				GCC_WARN_UNUSED_FUNCTION = YES;
				GCC_WARN_UNUSED_VARIABLE = YES;
				IPHONEOS_DEPLOYMENT_TARGET = 11.0;
				MTL_ENABLE_DEBUG_INFO = YES;
				ONLY_ACTIVE_ARCH = YES;
				SDKROOT = iphoneos;
				SWIFT_ACTIVE_COMPILATION_CONDITIONS = DEBUG;
				SWIFT_OPTIMIZATION_LEVEL = "-Onone";
			};
			name = Debug;
		};
		6EFC747F1FBCAB1100911C40 /* Release */ = {
			isa = XCBuildConfiguration;
			buildSettings = {
				ALWAYS_SEARCH_USER_PATHS = NO;
				CLANG_ANALYZER_NONNULL = YES;
				CLANG_ANALYZER_NUMBER_OBJECT_CONVERSION = YES_AGGRESSIVE;
				CLANG_CXX_LANGUAGE_STANDARD = "gnu++14";
				CLANG_CXX_LIBRARY = "libc++";
				CLANG_ENABLE_MODULES = YES;
				CLANG_ENABLE_OBJC_ARC = YES;
				CLANG_WARN_BLOCK_CAPTURE_AUTORELEASING = YES;
				CLANG_WARN_BOOL_CONVERSION = YES;
				CLANG_WARN_COMMA = YES;
				CLANG_WARN_CONSTANT_CONVERSION = YES;
				CLANG_WARN_DIRECT_OBJC_ISA_USAGE = YES_ERROR;
				CLANG_WARN_DOCUMENTATION_COMMENTS = YES;
				CLANG_WARN_EMPTY_BODY = YES;
				CLANG_WARN_ENUM_CONVERSION = YES;
				CLANG_WARN_INFINITE_RECURSION = YES;
				CLANG_WARN_INT_CONVERSION = YES;
				CLANG_WARN_NON_LITERAL_NULL_CONVERSION = YES;
				CLANG_WARN_OBJC_LITERAL_CONVERSION = YES;
				CLANG_WARN_OBJC_ROOT_CLASS = YES_ERROR;
				CLANG_WARN_RANGE_LOOP_ANALYSIS = YES;
				CLANG_WARN_STRICT_PROTOTYPES = YES;
				CLANG_WARN_SUSPICIOUS_MOVE = YES;
				CLANG_WARN_UNGUARDED_AVAILABILITY = YES_AGGRESSIVE;
				CLANG_WARN_UNREACHABLE_CODE = YES;
				CLANG_WARN__DUPLICATE_METHOD_MATCH = YES;
				CODE_SIGN_IDENTITY = "iPhone Developer";
				COPY_PHASE_STRIP = NO;
				DEBUG_INFORMATION_FORMAT = "dwarf-with-dsym";
				ENABLE_NS_ASSERTIONS = NO;
				ENABLE_STRICT_OBJC_MSGSEND = YES;
				GCC_C_LANGUAGE_STANDARD = gnu11;
				GCC_NO_COMMON_BLOCKS = YES;
				GCC_WARN_64_TO_32_BIT_CONVERSION = YES;
				GCC_WARN_ABOUT_RETURN_TYPE = YES_ERROR;
				GCC_WARN_UNDECLARED_SELECTOR = YES;
				GCC_WARN_UNINITIALIZED_AUTOS = YES_AGGRESSIVE;
				GCC_WARN_UNUSED_FUNCTION = YES;
				GCC_WARN_UNUSED_VARIABLE = YES;
				IPHONEOS_DEPLOYMENT_TARGET = 11.0;
				MTL_ENABLE_DEBUG_INFO = NO;
				SDKROOT = iphoneos;
				SWIFT_OPTIMIZATION_LEVEL = "-Owholemodule";
				VALIDATE_PRODUCT = YES;
			};
			name = Release;
		};
		6EFC74811FBCAB1100911C40 /* Debug */ = {
			isa = XCBuildConfiguration;
			baseConfigurationReference = 1AD0F6E33B7448D8010EF437 /* Pods-MovieAPIApp.debug.xcconfig */;
			buildSettings = {
				ASSETCATALOG_COMPILER_APPICON_NAME = AppIcon;
				CODE_SIGN_STYLE = Automatic;
				DEVELOPMENT_TEAM = UZCXMTT3V9;
				INFOPLIST_FILE = "$(SRCROOT)/MovieAPIApp/Resources/Info.plist";
				LD_RUNPATH_SEARCH_PATHS = "$(inherited) @executable_path/Frameworks";
				PRODUCT_BUNDLE_IDENTIFIER = com.Zendoart.MovieAPIApp;
				PRODUCT_NAME = "$(TARGET_NAME)";
				SWIFT_VERSION = 4.0;
				TARGETED_DEVICE_FAMILY = "1,2";
			};
			name = Debug;
		};
		6EFC74821FBCAB1100911C40 /* Release */ = {
			isa = XCBuildConfiguration;
			baseConfigurationReference = 01F64AF7397676AAE64B8EDA /* Pods-MovieAPIApp.release.xcconfig */;
			buildSettings = {
				ASSETCATALOG_COMPILER_APPICON_NAME = AppIcon;
				CODE_SIGN_STYLE = Automatic;
				DEVELOPMENT_TEAM = UZCXMTT3V9;
				INFOPLIST_FILE = "$(SRCROOT)/MovieAPIApp/Resources/Info.plist";
				LD_RUNPATH_SEARCH_PATHS = "$(inherited) @executable_path/Frameworks";
				PRODUCT_BUNDLE_IDENTIFIER = com.Zendoart.MovieAPIApp;
				PRODUCT_NAME = "$(TARGET_NAME)";
				SWIFT_VERSION = 4.0;
				TARGETED_DEVICE_FAMILY = "1,2";
			};
			name = Release;
		};
		6EFC74841FBCAB1100911C40 /* Debug */ = {
			isa = XCBuildConfiguration;
			baseConfigurationReference = FBB21ED3E5C5420596C46C5E /* Pods-MovieAPIAppTests.debug.xcconfig */;
			buildSettings = {
				ALWAYS_EMBED_SWIFT_STANDARD_LIBRARIES = YES;
				BUNDLE_LOADER = "$(TEST_HOST)";
				CODE_SIGN_STYLE = Automatic;
				DEVELOPMENT_TEAM = UZCXMTT3V9;
				INFOPLIST_FILE = MovieAPIAppTests/Info.plist;
				LD_RUNPATH_SEARCH_PATHS = "$(inherited) @executable_path/Frameworks @loader_path/Frameworks";
				PRODUCT_BUNDLE_IDENTIFIER = com.Zendoart.MovieAPIAppTests;
				PRODUCT_NAME = "$(TARGET_NAME)";
				SWIFT_VERSION = 4.0;
				TARGETED_DEVICE_FAMILY = "1,2";
				TEST_HOST = "$(BUILT_PRODUCTS_DIR)/MovieAPIApp.app/MovieAPIApp";
			};
			name = Debug;
		};
		6EFC74851FBCAB1100911C40 /* Release */ = {
			isa = XCBuildConfiguration;
			baseConfigurationReference = 1F1058E4D97CD297DF9D003B /* Pods-MovieAPIAppTests.release.xcconfig */;
			buildSettings = {
				ALWAYS_EMBED_SWIFT_STANDARD_LIBRARIES = YES;
				BUNDLE_LOADER = "$(TEST_HOST)";
				CODE_SIGN_STYLE = Automatic;
				DEVELOPMENT_TEAM = UZCXMTT3V9;
				INFOPLIST_FILE = MovieAPIAppTests/Info.plist;
				LD_RUNPATH_SEARCH_PATHS = "$(inherited) @executable_path/Frameworks @loader_path/Frameworks";
				PRODUCT_BUNDLE_IDENTIFIER = com.Zendoart.MovieAPIAppTests;
				PRODUCT_NAME = "$(TARGET_NAME)";
				SWIFT_VERSION = 4.0;
				TARGETED_DEVICE_FAMILY = "1,2";
				TEST_HOST = "$(BUILT_PRODUCTS_DIR)/MovieAPIApp.app/MovieAPIApp";
			};
			name = Release;
		};
		6EFC74871FBCAB1100911C40 /* Debug */ = {
			isa = XCBuildConfiguration;
			baseConfigurationReference = 0D37BE0691AA951DCA4AE622 /* Pods-MovieAPIAppUITests.debug.xcconfig */;
			buildSettings = {
				ALWAYS_EMBED_SWIFT_STANDARD_LIBRARIES = YES;
				CODE_SIGN_STYLE = Automatic;
				DEVELOPMENT_TEAM = UZCXMTT3V9;
				INFOPLIST_FILE = MovieAPIAppUITests/Info.plist;
				LD_RUNPATH_SEARCH_PATHS = "$(inherited) @executable_path/Frameworks @loader_path/Frameworks";
				PRODUCT_BUNDLE_IDENTIFIER = com.Zendoart.MovieAPIAppUITests;
				PRODUCT_NAME = "$(TARGET_NAME)";
				SWIFT_VERSION = 4.0;
				TARGETED_DEVICE_FAMILY = "1,2";
				TEST_TARGET_NAME = MovieAPIApp;
			};
			name = Debug;
		};
		6EFC74881FBCAB1100911C40 /* Release */ = {
			isa = XCBuildConfiguration;
			baseConfigurationReference = BF20D6D9EA1D6CF5A490AA88 /* Pods-MovieAPIAppUITests.release.xcconfig */;
			buildSettings = {
				ALWAYS_EMBED_SWIFT_STANDARD_LIBRARIES = YES;
				CODE_SIGN_STYLE = Automatic;
				DEVELOPMENT_TEAM = UZCXMTT3V9;
				INFOPLIST_FILE = MovieAPIAppUITests/Info.plist;
				LD_RUNPATH_SEARCH_PATHS = "$(inherited) @executable_path/Frameworks @loader_path/Frameworks";
				PRODUCT_BUNDLE_IDENTIFIER = com.Zendoart.MovieAPIAppUITests;
				PRODUCT_NAME = "$(TARGET_NAME)";
				SWIFT_VERSION = 4.0;
				TARGETED_DEVICE_FAMILY = "1,2";
				TEST_TARGET_NAME = MovieAPIApp;
			};
			name = Release;
		};
/* End XCBuildConfiguration section */

/* Begin XCConfigurationList section */
		6EFC74501FBCAB1100911C40 /* Build configuration list for PBXProject "MovieAPIApp" */ = {
			isa = XCConfigurationList;
			buildConfigurations = (
				6EFC747E1FBCAB1100911C40 /* Debug */,
				6EFC747F1FBCAB1100911C40 /* Release */,
			);
			defaultConfigurationIsVisible = 0;
			defaultConfigurationName = Release;
		};
		6EFC74801FBCAB1100911C40 /* Build configuration list for PBXNativeTarget "MovieAPIApp" */ = {
			isa = XCConfigurationList;
			buildConfigurations = (
				6EFC74811FBCAB1100911C40 /* Debug */,
				6EFC74821FBCAB1100911C40 /* Release */,
			);
			defaultConfigurationIsVisible = 0;
			defaultConfigurationName = Release;
		};
		6EFC74831FBCAB1100911C40 /* Build configuration list for PBXNativeTarget "MovieAPIAppTests" */ = {
			isa = XCConfigurationList;
			buildConfigurations = (
				6EFC74841FBCAB1100911C40 /* Debug */,
				6EFC74851FBCAB1100911C40 /* Release */,
			);
			defaultConfigurationIsVisible = 0;
			defaultConfigurationName = Release;
		};
		6EFC74861FBCAB1100911C40 /* Build configuration list for PBXNativeTarget "MovieAPIAppUITests" */ = {
			isa = XCConfigurationList;
			buildConfigurations = (
				6EFC74871FBCAB1100911C40 /* Debug */,
				6EFC74881FBCAB1100911C40 /* Release */,
			);
			defaultConfigurationIsVisible = 0;
			defaultConfigurationName = Release;
		};
/* End XCConfigurationList section */

/* Begin XCVersionGroup section */
		6EFC745F1FBCAB1100911C40 /* MovieAPIApp.xcdatamodeld */ = {
			isa = XCVersionGroup;
			children = (
				6EFC74601FBCAB1100911C40 /* MovieAPIApp.xcdatamodel */,
			);
			currentVersion = 6EFC74601FBCAB1100911C40 /* MovieAPIApp.xcdatamodel */;
			path = MovieAPIApp.xcdatamodeld;
			sourceTree = "<group>";
			versionGroupType = wrapper.xcdatamodel;
		};
/* End XCVersionGroup section */
	};
	rootObject = 6EFC744D1FBCAB1100911C40 /* Project object */;
}
